
Microsoft Visual Studio Solution File, Format Version 12.00
# Visual Studio 15
Project("{FAE04EC0-301F-11D3-BF4B-00C04F79EFBC}") = "Assembly-CSharp", "Assembly-CSharp.csproj", "{377BE7E7-B28B-D9DF-4173-4463AE56A0EE}"
EndProject
Project("{FAE04EC0-301F-11D3-BF4B-00C04F79EFBC}") = "Assembly-CSharp-Editor", "Assembly-CSharp-Editor.csproj", "{1D807085-6E7A-D9AB-D977-6078D3FCAD5F}"
EndProject
Global
	GlobalSection(SolutionConfigurationPlatforms) = preSolution
		Debug|Any CPU = Debug|Any CPU
		Release|Any CPU = Release|Any CPU
	EndGlobalSection
	GlobalSection(ProjectConfigurationPlatforms) = postSolution
		{377BE7E7-B28B-D9DF-4173-4463AE56A0EE}.Debug|Any CPU.ActiveCfg = Debug|Any CPU
		{377BE7E7-B28B-D9DF-4173-4463AE56A0EE}.Debug|Any CPU.Build.0 = Debug|Any CPU
		{377BE7E7-B28B-D9DF-4173-4463AE56A0EE}.Release|Any CPU.ActiveCfg = Release|Any CPU
		{377BE7E7-B28B-D9DF-4173-4463AE56A0EE}.Release|Any CPU.Build.0 = Release|Any CPU
		{1D807085-6E7A-D9AB-D977-6078D3FCAD5F}.Debug|Any CPU.ActiveCfg = Debug|Any CPU
		{1D807085-6E7A-D9AB-D977-6078D3FCAD5F}.Debug|Any CPU.Build.0 = Debug|Any CPU
		{1D807085-6E7A-D9AB-D977-6078D3FCAD5F}.Release|Any CPU.ActiveCfg = Release|Any CPU
		{1D807085-6E7A-D9AB-D977-6078D3FCAD5F}.Release|Any CPU.Build.0 = Release|Any CPU
	EndGlobalSection
	GlobalSection(SolutionProperties) = preSolution
		HideSolutionNode = FALSE
	EndGlobalSection
EndGlobal
