
Microsoft Visual Studio Solution File, Format Version 12.00
# Visual Studio Version 16
VisualStudioVersion = 16.0.31729.503
MinimumVisualStudioVersion = 10.0.40219.1
Project("{FAE04EC0-301F-11D3-BF4B-00C04F79EFBC}") = "Assembly-CSharp", "Assembly-CSharp.csproj", "{FA21035B-9B8B-BEE9-FC53-EA74D058A76C}"
EndProject
Project("{FAE04EC0-301F-11D3-BF4B-00C04F79EFBC}") = "fps.Game", "fps.Game.csproj", "{DA8166D1-8984-0FBA-37E5-2A2B0559CD4E}"
EndProject
Project("{FAE04EC0-301F-11D3-BF4B-00C04F79EFBC}") = "NavMeshComponents", "NavMeshComponents.csproj", "{AFC4A4BD-7E86-9B23-ACD0-2766B5CF43E5}"
EndProject
Project("{FAE04EC0-301F-11D3-BF4B-00C04F79EFBC}") = "fps.UI", "fps.UI.csproj", "{45F2761E-023A-459E-189E-8A0C66CE4595}"
EndProject
Project("{FAE04EC0-301F-11D3-BF4B-00C04F79EFBC}") = "fps.Gameplay", "fps.Gameplay.csproj", "{0A23D4B5-1848-1AF2-8912-0D6E11764A47}"
EndProject
Project("{FAE04EC0-301F-11D3-BF4B-00C04F79EFBC}") = "Unity.FPS.Tutorials", "Unity.FPS.Tutorials.csproj", "{8D368046-38F9-4CF8-22A2-45EAC7B77A16}"
EndProject
Project("{FAE04EC0-301F-11D3-BF4B-00C04F79EFBC}") = "fps.AI", "fps.AI.csproj", "{17FC92A8-001F-899B-C47C-DF6F34CC0209}"
EndProject
Project("{FAE04EC0-301F-11D3-BF4B-00C04F79EFBC}") = "Assembly-CSharp-Editor", "Assembly-CSharp-Editor.csproj", "{E45D7B99-FA7A-3B1F-3993-F9EB4EF0FC97}"
EndProject
Project("{FAE04EC0-301F-11D3-BF4B-00C04F79EFBC}") = "NavMeshComponentsEditor", "NavMeshComponentsEditor.csproj", "{42E1D3B8-F596-1C43-3E14-BFAD5139D405}"
EndProject
Project("{FAE04EC0-301F-11D3-BF4B-00C04F79EFBC}") = "fps.Editor", "fps.Editor.csproj", "{02949B83-F346-66BB-6A77-5595D6A0EBC0}"
EndProject
Global
	GlobalSection(SolutionConfigurationPlatforms) = preSolution
		Debug|Any CPU = Debug|Any CPU
		Release|Any CPU = Release|Any CPU
	EndGlobalSection
	GlobalSection(ProjectConfigurationPlatforms) = postSolution
		{FA21035B-9B8B-BEE9-FC53-EA74D058A76C}.Debug|Any CPU.ActiveCfg = Debug|Any CPU
		{FA21035B-9B8B-BEE9-FC53-EA74D058A76C}.Debug|Any CPU.Build.0 = Debug|Any CPU
		{FA21035B-9B8B-BEE9-FC53-EA74D058A76C}.Release|Any CPU.ActiveCfg = Release|Any CPU
		{FA21035B-9B8B-BEE9-FC53-EA74D058A76C}.Release|Any CPU.Build.0 = Release|Any CPU
		{DA8166D1-8984-0FBA-37E5-2A2B0559CD4E}.Debug|Any CPU.ActiveCfg = Debug|Any CPU
		{DA8166D1-8984-0FBA-37E5-2A2B0559CD4E}.Debug|Any CPU.Build.0 = Debug|Any CPU
		{DA8166D1-8984-0FBA-37E5-2A2B0559CD4E}.Release|Any CPU.ActiveCfg = Release|Any CPU
		{DA8166D1-8984-0FBA-37E5-2A2B0559CD4E}.Release|Any CPU.Build.0 = Release|Any CPU
		{AFC4A4BD-7E86-9B23-ACD0-2766B5CF43E5}.Debug|Any CPU.ActiveCfg = Debug|Any CPU
		{AFC4A4BD-7E86-9B23-ACD0-2766B5CF43E5}.Debug|Any CPU.Build.0 = Debug|Any CPU
		{AFC4A4BD-7E86-9B23-ACD0-2766B5CF43E5}.Release|Any CPU.ActiveCfg = Release|Any CPU
		{AFC4A4BD-7E86-9B23-ACD0-2766B5CF43E5}.Release|Any CPU.Build.0 = Release|Any CPU
		{45F2761E-023A-459E-189E-8A0C66CE4595}.Debug|Any CPU.ActiveCfg = Debug|Any CPU
		{45F2761E-023A-459E-189E-8A0C66CE4595}.Debug|Any CPU.Build.0 = Debug|Any CPU
		{45F2761E-023A-459E-189E-8A0C66CE4595}.Release|Any CPU.ActiveCfg = Release|Any CPU
		{45F2761E-023A-459E-189E-8A0C66CE4595}.Release|Any CPU.Build.0 = Release|Any CPU
		{0A23D4B5-1848-1AF2-8912-0D6E11764A47}.Debug|Any CPU.ActiveCfg = Debug|Any CPU
		{0A23D4B5-1848-1AF2-8912-0D6E11764A47}.Debug|Any CPU.Build.0 = Debug|Any CPU
		{0A23D4B5-1848-1AF2-8912-0D6E11764A47}.Release|Any CPU.ActiveCfg = Release|Any CPU
		{0A23D4B5-1848-1AF2-8912-0D6E11764A47}.Release|Any CPU.Build.0 = Release|Any CPU
		{8D368046-38F9-4CF8-22A2-45EAC7B77A16}.Debug|Any CPU.ActiveCfg = Debug|Any CPU
		{8D368046-38F9-4CF8-22A2-45EAC7B77A16}.Debug|Any CPU.Build.0 = Debug|Any CPU
		{8D368046-38F9-4CF8-22A2-45EAC7B77A16}.Release|Any CPU.ActiveCfg = Release|Any CPU
		{8D368046-38F9-4CF8-22A2-45EAC7B77A16}.Release|Any CPU.Build.0 = Release|Any CPU
		{17FC92A8-001F-899B-C47C-DF6F34CC0209}.Debug|Any CPU.ActiveCfg = Debug|Any CPU
		{17FC92A8-001F-899B-C47C-DF6F34CC0209}.Debug|Any CPU.Build.0 = Debug|Any CPU
		{17FC92A8-001F-899B-C47C-DF6F34CC0209}.Release|Any CPU.ActiveCfg = Release|Any CPU
		{17FC92A8-001F-899B-C47C-DF6F34CC0209}.Release|Any CPU.Build.0 = Release|Any CPU
		{E45D7B99-FA7A-3B1F-3993-F9EB4EF0FC97}.Debug|Any CPU.ActiveCfg = Debug|Any CPU
		{E45D7B99-FA7A-3B1F-3993-F9EB4EF0FC97}.Debug|Any CPU.Build.0 = Debug|Any CPU
		{E45D7B99-FA7A-3B1F-3993-F9EB4EF0FC97}.Release|Any CPU.ActiveCfg = Release|Any CPU
		{E45D7B99-FA7A-3B1F-3993-F9EB4EF0FC97}.Release|Any CPU.Build.0 = Release|Any CPU
		{42E1D3B8-F596-1C43-3E14-BFAD5139D405}.Debug|Any CPU.ActiveCfg = Debug|Any CPU
		{42E1D3B8-F596-1C43-3E14-BFAD5139D405}.Debug|Any CPU.Build.0 = Debug|Any CPU
		{42E1D3B8-F596-1C43-3E14-BFAD5139D405}.Release|Any CPU.ActiveCfg = Release|Any CPU
		{42E1D3B8-F596-1C43-3E14-BFAD5139D405}.Release|Any CPU.Build.0 = Release|Any CPU
		{02949B83-F346-66BB-6A77-5595D6A0EBC0}.Debug|Any CPU.ActiveCfg = Debug|Any CPU
		{02949B83-F346-66BB-6A77-5595D6A0EBC0}.Debug|Any CPU.Build.0 = Debug|Any CPU
		{02949B83-F346-66BB-6A77-5595D6A0EBC0}.Release|Any CPU.ActiveCfg = Release|Any CPU
		{02949B83-F346-66BB-6A77-5595D6A0EBC0}.Release|Any CPU.Build.0 = Release|Any CPU
	EndGlobalSection
	GlobalSection(SolutionProperties) = preSolution
		HideSolutionNode = FALSE
	EndGlobalSection
	GlobalSection(ExtensibilityGlobals) = postSolution
		SolutionGuid = {54A12334-2D28-4E1F-824B-64DBC4D0C106}
	EndGlobalSection
EndGlobal
