
Microsoft Visual Studio Solution File, Format Version 12.00
# Visual Studio 15
Project("{FAE04EC0-301F-11D3-BF4B-00C04F79EFBC}") = "Assembly-CSharp", "Assembly-CSharp.csproj", "{6A555893-0FF8-2A5F-7295-4A4E4376C2A7}"
EndProject
Project("{FAE04EC0-301F-11D3-BF4B-00C04F79EFBC}") = "Assembly-CSharp-firstpass", "Assembly-CSharp-firstpass.csproj", "{16EE41E5-1FC9-435E-D495-6E9E75574744}"
EndProject
Project("{FAE04EC0-301F-11D3-BF4B-00C04F79EFBC}") = "Assembly-CSharp-Editor", "Assembly-CSharp-Editor.csproj", "{2320EA83-FEAE-57C7-483E-76E1C866A361}"
EndProject
Global
	GlobalSection(SolutionConfigurationPlatforms) = preSolution
		Debug|Any CPU = Debug|Any CPU
		Release|Any CPU = Release|Any CPU
	EndGlobalSection
	GlobalSection(ProjectConfigurationPlatforms) = postSolution
		{6A555893-0FF8-2A5F-7295-4A4E4376C2A7}.Debug|Any CPU.ActiveCfg = Debug|Any CPU
		{6A555893-0FF8-2A5F-7295-4A4E4376C2A7}.Debug|Any CPU.Build.0 = Debug|Any CPU
		{6A555893-0FF8-2A5F-7295-4A4E4376C2A7}.Release|Any CPU.ActiveCfg = Release|Any CPU
		{6A555893-0FF8-2A5F-7295-4A4E4376C2A7}.Release|Any CPU.Build.0 = Release|Any CPU
		{16EE41E5-1FC9-435E-D495-6E9E75574744}.Debug|Any CPU.ActiveCfg = Debug|Any CPU
		{16EE41E5-1FC9-435E-D495-6E9E75574744}.Debug|Any CPU.Build.0 = Debug|Any CPU
		{16EE41E5-1FC9-435E-D495-6E9E75574744}.Release|Any CPU.ActiveCfg = Release|Any CPU
		{16EE41E5-1FC9-435E-D495-6E9E75574744}.Release|Any CPU.Build.0 = Release|Any CPU
		{2320EA83-FEAE-57C7-483E-76E1C866A361}.Debug|Any CPU.ActiveCfg = Debug|Any CPU
		{2320EA83-FEAE-57C7-483E-76E1C866A361}.Debug|Any CPU.Build.0 = Debug|Any CPU
		{2320EA83-FEAE-57C7-483E-76E1C866A361}.Release|Any CPU.ActiveCfg = Release|Any CPU
		{2320EA83-FEAE-57C7-483E-76E1C866A361}.Release|Any CPU.Build.0 = Release|Any CPU
	EndGlobalSection
	GlobalSection(SolutionProperties) = preSolution
		HideSolutionNode = FALSE
	EndGlobalSection
EndGlobal
